
Microsoft Visual Studio Solution File, Format Version 12.00
# Visual Studio Version 16
VisualStudioVersion = 16.0.29123.88
MinimumVisualStudioVersion = 10.0.40219.1
Project("{FAE04EC0-301F-11D3-BF4B-00C04F79EFBC}") = "Exercise1", "Exercise1\Exercise1.csproj", "{302CC4A3-62B0-4544-ACA4-60E9114B553C}"
EndProject
Global
	GlobalSection(SolutionConfigurationPlatforms) = preSolution
		Debug|Any CPU = Debug|Any CPU
		Release|Any CPU = Release|Any CPU
	EndGlobalSection
	GlobalSection(ProjectConfigurationPlatforms) = postSolution
		{302CC4A3-62B0-4544-ACA4-60E9114B553C}.Debug|Any CPU.ActiveCfg = Debug|Any CPU
		{302CC4A3-62B0-4544-ACA4-60E9114B553C}.Debug|Any CPU.Build.0 = Debug|Any CPU
		{302CC4A3-62B0-4544-ACA4-60E9114B553C}.Release|Any CPU.ActiveCfg = Release|Any CPU
		{302CC4A3-62B0-4544-ACA4-60E9114B553C}.Release|Any CPU.Build.0 = Release|Any CPU
	EndGlobalSection
	GlobalSection(SolutionProperties) = preSolution
		HideSolutionNode = FALSE
	EndGlobalSection
	GlobalSection(ExtensibilityGlobals) = postSolution
		SolutionGuid = {6471A9CA-2D8C-40A9-A8C6-79F4275780AE}
	EndGlobalSection
EndGlobal
